
Microsoft Visual Studio Solution File, Format Version 12.00
# Visual Studio Version 16
VisualStudioVersion = 16.0.29806.167
MinimumVisualStudioVersion = 10.0.40219.1
Project("{FAE04EC0-301F-11D3-BF4B-00C04F79EFBC}") = "Vets", "Vets\Vets.csproj", "{F9E21721-BCAC-4C59-BE4D-6C6134D2C1FA}"
EndProject
Global
	GlobalSection(SolutionConfigurationPlatforms) = preSolution
		Debug|Any CPU = Debug|Any CPU
		Release|Any CPU = Release|Any CPU
	EndGlobalSection
	GlobalSection(ProjectConfigurationPlatforms) = postSolution
		{F9E21721-BCAC-4C59-BE4D-6C6134D2C1FA}.Debug|Any CPU.ActiveCfg = Debug|Any CPU
		{F9E21721-BCAC-4C59-BE4D-6C6134D2C1FA}.Debug|Any CPU.Build.0 = Debug|Any CPU
		{F9E21721-BCAC-4C59-BE4D-6C6134D2C1FA}.Release|Any CPU.ActiveCfg = Release|Any CPU
		{F9E21721-BCAC-4C59-BE4D-6C6134D2C1FA}.Release|Any CPU.Build.0 = Release|Any CPU
	EndGlobalSection
	GlobalSection(SolutionProperties) = preSolution
		HideSolutionNode = FALSE
	EndGlobalSection
	GlobalSection(ExtensibilityGlobals) = postSolution
		SolutionGuid = {6F733ECF-8F49-4D89-8E9C-7A7E912C3644}
	EndGlobalSection
EndGlobal
